
Microsoft Visual Studio Solution File, Format Version 12.00
# Visual Studio Version 16
VisualStudioVersion = 16.0.34407.143
MinimumVisualStudioVersion = 10.0.40219.1
Project("{FAE04EC0-301F-11D3-BF4B-00C04F79EFBC}") = "Firebase-CRUD", "Firebase-CRUD\Firebase-CRUD.csproj", "{3EA45B8F-5DEB-438D-B90F-689BC42F8E80}"
EndProject
Global
	GlobalSection(SolutionConfigurationPlatforms) = preSolution
		Debug|Any CPU = Debug|Any CPU
		Release|Any CPU = Release|Any CPU
	EndGlobalSection
	GlobalSection(ProjectConfigurationPlatforms) = postSolution
		{3EA45B8F-5DEB-438D-B90F-689BC42F8E80}.Debug|Any CPU.ActiveCfg = Debug|Any CPU
		{3EA45B8F-5DEB-438D-B90F-689BC42F8E80}.Debug|Any CPU.Build.0 = Debug|Any CPU
		{3EA45B8F-5DEB-438D-B90F-689BC42F8E80}.Release|Any CPU.ActiveCfg = Release|Any CPU
		{3EA45B8F-5DEB-438D-B90F-689BC42F8E80}.Release|Any CPU.Build.0 = Release|Any CPU
	EndGlobalSection
	GlobalSection(SolutionProperties) = preSolution
		HideSolutionNode = FALSE
	EndGlobalSection
	GlobalSection(ExtensibilityGlobals) = postSolution
		SolutionGuid = {FAC6DCCE-0A39-4B81-A7D1-008DC8CE3D52}
	EndGlobalSection
EndGlobal
