
Microsoft Visual Studio Solution File, Format Version 12.00
# Visual Studio Version 17
VisualStudioVersion = 17.8.34525.116
MinimumVisualStudioVersion = 10.0.40219.1
Project("{FAE04EC0-301F-11D3-BF4B-00C04F79EFBC}") = "barcode", "barcode\barcode.csproj", "{7C369F57-6B0A-4561-A91F-EBC1B34465C9}"
EndProject
Global
	GlobalSection(SolutionConfigurationPlatforms) = preSolution
		Debug|Any CPU = Debug|Any CPU
		Release|Any CPU = Release|Any CPU
	EndGlobalSection
	GlobalSection(ProjectConfigurationPlatforms) = postSolution
		{7C369F57-6B0A-4561-A91F-EBC1B34465C9}.Debug|Any CPU.ActiveCfg = Debug|Any CPU
		{7C369F57-6B0A-4561-A91F-EBC1B34465C9}.Debug|Any CPU.Build.0 = Debug|Any CPU
		{7C369F57-6B0A-4561-A91F-EBC1B34465C9}.Release|Any CPU.ActiveCfg = Release|Any CPU
		{7C369F57-6B0A-4561-A91F-EBC1B34465C9}.Release|Any CPU.Build.0 = Release|Any CPU
	EndGlobalSection
	GlobalSection(SolutionProperties) = preSolution
		HideSolutionNode = FALSE
	EndGlobalSection
	GlobalSection(ExtensibilityGlobals) = postSolution
		SolutionGuid = {D46E7CDD-7F60-4D4A-9957-3F526BF0BED0}
	EndGlobalSection
EndGlobal
